// !$*UTF8*$!
{
	archiveVersion = 1;
	classes = {
	};
	objectVersion = 50;
	objects = {

/* Begin PBXBuildFile section */
		FB0FC42521C2147E006F6D9F /* AppDelegate.swift in Sources */ = {isa = PBXBuildFile; fileRef = FB0FC42421C2147E006F6D9F /* AppDelegate.swift */; };
		FB0FC42721C2147E006F6D9F /* ViewController.swift in Sources */ = {isa = PBXBuildFile; fileRef = FB0FC42621C2147E006F6D9F /* ViewController.swift */; };
		FB0FC42A21C2147E006F6D9F /* Main.storyboard in Resources */ = {isa = PBXBuildFile; fileRef = FB0FC42821C2147E006F6D9F /* Main.storyboard */; };
		FB0FC42C21C2147F006F6D9F /* Assets.xcassets in Resources */ = {isa = PBXBuildFile; fileRef = FB0FC42B21C2147F006F6D9F /* Assets.xcassets */; };
		FB0FC42F21C2147F006F6D9F /* LaunchScreen.storyboard in Resources */ = {isa = PBXBuildFile; fileRef = FB0FC42D21C2147F006F6D9F /* LaunchScreen.storyboard */; };
		FB0FC43A21C2147F006F6D9F /* DiceeTests.swift in Sources */ = {isa = PBXBuildFile; fileRef = FB0FC43921C2147F006F6D9F /* DiceeTests.swift */; };
		FB0FC44521C2147F006F6D9F /* DiceeUITests.swift in Sources */ = {isa = PBXBuildFile; fileRef = FB0FC44421C2147F006F6D9F /* DiceeUITests.swift */; };
/* End PBXBuildFile section */

/* Begin PBXContainerItemProxy section */
		FB0FC43621C2147F006F6D9F /* PBXContainerItemProxy */ = {
			isa = PBXContainerItemProxy;
			containerPortal = FB0FC41921C2147E006F6D9F /* Project object */;
			proxyType = 1;
			remoteGlobalIDString = FB0FC42021C2147E006F6D9F;
			remoteInfo = Dicee;
		};
		FB0FC44121C2147F006F6D9F /* PBXContainerItemProxy */ = {
			isa = PBXContainerItemProxy;
			containerPortal = FB0FC41921C2147E006F6D9F /* Project object */;
			proxyType = 1;
			remoteGlobalIDString = FB0FC42021C2147E006F6D9F;
			remoteInfo = Dicee;
		};
/* End PBXContainerItemProxy section */

/* Begin PBXFileReference section */
		FB0FC42121C2147E006F6D9F /* Dicee.app */ = {isa = PBXFileReference; explicitFileType = wrapper.application; includeInIndex = 0; path = Dicee.app; sourceTree = BUILT_PRODUCTS_DIR; };
		FB0FC42421C2147E006F6D9F /* AppDelegate.swift */ = {isa = PBXFileReference; lastKnownFileType = sourcecode.swift; path = AppDelegate.swift; sourceTree = "<group>"; };
		FB0FC42621C2147E006F6D9F /* ViewController.swift */ = {isa = PBXFileReference; lastKnownFileType = sourcecode.swift; path = ViewController.swift; sourceTree = "<group>"; };
		FB0FC42921C2147E006F6D9F /* Base */ = {isa = PBXFileReference; lastKnownFileType = file.storyboard; name = Base; path = Base.lproj/Main.storyboard; sourceTree = "<group>"; };
		FB0FC42B21C2147F006F6D9F /* Assets.xcassets */ = {isa = PBXFileReference; lastKnownFileType = folder.assetcatalog; path = Assets.xcassets; sourceTree = "<group>"; };
		FB0FC42E21C2147F006F6D9F /* Base */ = {isa = PBXFileReference; lastKnownFileType = file.storyboard; name = Base; path = Base.lproj/LaunchScreen.storyboard; sourceTree = "<group>"; };
		FB0FC43021C2147F006F6D9F /* Info.plist */ = {isa = PBXFileReference; lastKnownFileType = text.plist.xml; path = Info.plist; sourceTree = "<group>"; };
		FB0FC43521C2147F006F6D9F /* DiceeTests.xctest */ = {isa = PBXFileReference; explicitFileType = wrapper.cfbundle; includeInIndex = 0; path = DiceeTests.xctest; sourceTree = BUILT_PRODUCTS_DIR; };
		FB0FC43921C2147F006F6D9F /* DiceeTests.swift */ = {isa = PBXFileReference; lastKnownFileType = sourcecode.swift; path = DiceeTests.swift; sourceTree = "<group>"; };
		FB0FC43B21C2147F006F6D9F /* Info.plist */ = {isa = PBXFileReference; lastKnownFileType = text.plist.xml; path = Info.plist; sourceTree = "<group>"; };
		FB0FC44021C2147F006F6D9F /* DiceeUITests.xctest */ = {isa = PBXFileReference; explicitFileType = wrapper.cfbundle; includeInIndex = 0; path = DiceeUITests.xctest; sourceTree = BUILT_PRODUCTS_DIR; };
		FB0FC44421C2147F006F6D9F /* DiceeUITests.swift */ = {isa = PBXFileReference; lastKnownFileType = sourcecode.swift; path = DiceeUITests.swift; sourceTree = "<group>"; };
		FB0FC44621C2147F006F6D9F /* Info.plist */ = {isa = PBXFileReference; lastKnownFileType = text.plist.xml; path = Info.plist; sourceTree = "<group>"; };
/* End PBXFileReference section */

/* Begin PBXFrameworksBuildPhase section */
		FB0FC41E21C2147E006F6D9F /* Frameworks */ = {
			isa = PBXFrameworksBuildPhase;
			buildActionMask = 2147483647;
			files = (
			);
			runOnlyForDeploymentPostprocessing = 0;
		};
		FB0FC43221C2147F006F6D9F /* Frameworks */ = {
			isa = PBXFrameworksBuildPhase;
			buildActionMask = 2147483647;
			files = (
			);
			runOnlyForDeploymentPostprocessing = 0;
		};
		FB0FC43D21C2147F006F6D9F /* Frameworks */ = {
			isa = PBXFrameworksBuildPhase;
			buildActionMask = 2147483647;
			files = (
			);
			runOnlyForDeploymentPostprocessing = 0;
		};
/* End PBXFrameworksBuildPhase section */

/* Begin PBXGroup section */
		FB0FC41821C2147E006F6D9F = {
			isa = PBXGroup;
			children = (
				FB0FC42321C2147E006F6D9F /* Dicee */,
				FB0FC43821C2147F006F6D9F /* DiceeTests */,
				FB0FC44321C2147F006F6D9F /* DiceeUITests */,
				FB0FC42221C2147E006F6D9F /* Products */,
			);
			sourceTree = "<group>";
		};
		FB0FC42221C2147E006F6D9F /* Products */ = {
			isa = PBXGroup;
			children = (
				FB0FC42121C2147E006F6D9F /* Dicee.app */,
				FB0FC43521C2147F006F6D9F /* DiceeTests.xctest */,
				FB0FC44021C2147F006F6D9F /* DiceeUITests.xctest */,
			);
			name = Products;
			sourceTree = "<group>";
		};
		FB0FC42321C2147E006F6D9F /* Dicee */ = {
			isa = PBXGroup;
			children = (
				FB0FC42421C2147E006F6D9F /* AppDelegate.swift */,
				FB0FC42621C2147E006F6D9F /* ViewController.swift */,
				FB0FC42821C2147E006F6D9F /* Main.storyboard */,
				FB0FC42B21C2147F006F6D9F /* Assets.xcassets */,
				FB0FC42D21C2147F006F6D9F /* LaunchScreen.storyboard */,
				FB0FC43021C2147F006F6D9F /* Info.plist */,
			);
			path = Dicee;
			sourceTree = "<group>";
		};
		FB0FC43821C2147F006F6D9F /* DiceeTests */ = {
			isa = PBXGroup;
			children = (
				FB0FC43921C2147F006F6D9F /* DiceeTests.swift */,
				FB0FC43B21C2147F006F6D9F /* Info.plist */,
			);
			path = DiceeTests;
			sourceTree = "<group>";
		};
		FB0FC44321C2147F006F6D9F /* DiceeUITests */ = {
			isa = PBXGroup;
			children = (
				FB0FC44421C2147F006F6D9F /* DiceeUITests.swift */,
				FB0FC44621C2147F006F6D9F /* Info.plist */,
			);
			path = DiceeUITests;
			sourceTree = "<group>";
		};
/* End PBXGroup section */

/* Begin PBXNativeTarget section */
		FB0FC42021C2147E006F6D9F /* Dicee */ = {
			isa = PBXNativeTarget;
			buildConfigurationList = FB0FC44921C2147F006F6D9F /* Build configuration list for PBXNativeTarget "Dicee" */;
			buildPhases = (
				FB0FC41D21C2147E006F6D9F /* Sources */,
				FB0FC41E21C2147E006F6D9F /* Frameworks */,
				FB0FC41F21C2147E006F6D9F /* Resources */,
			);
			buildRules = (
			);
			dependencies = (
			);
			name = Dicee;
			productName = Dicee;
			productReference = FB0FC42121C2147E006F6D9F /* Dicee.app */;
			productType = "com.apple.product-type.application";
		};
		FB0FC43421C2147F006F6D9F /* DiceeTests */ = {
			isa = PBXNativeTarget;
			buildConfigurationList = FB0FC44C21C2147F006F6D9F /* Build configuration list for PBXNativeTarget "DiceeTests" */;
			buildPhases = (
				FB0FC43121C2147F006F6D9F /* Sources */,
				FB0FC43221C2147F006F6D9F /* Frameworks */,
				FB0FC43321C2147F006F6D9F /* Resources */,
			);
			buildRules = (
			);
			dependencies = (
				FB0FC43721C2147F006F6D9F /* PBXTargetDependency */,
			);
			name = DiceeTests;
			productName = DiceeTests;
			productReference = FB0FC43521C2147F006F6D9F /* DiceeTests.xctest */;
			productType = "com.apple.product-type.bundle.unit-test";
		};
		FB0FC43F21C2147F006F6D9F /* DiceeUITests */ = {
			isa = PBXNativeTarget;
			buildConfigurationList = FB0FC44F21C2147F006F6D9F /* Build configuration list for PBXNativeTarget "DiceeUITests" */;
			buildPhases = (
				FB0FC43C21C2147F006F6D9F /* Sources */,
				FB0FC43D21C2147F006F6D9F /* Frameworks */,
				FB0FC43E21C2147F006F6D9F /* Resources */,
			);
			buildRules = (
			);
			dependencies = (
				FB0FC44221C2147F006F6D9F /* PBXTargetDependency */,
			);
			name = DiceeUITests;
			productName = DiceeUITests;
			productReference = FB0FC44021C2147F006F6D9F /* DiceeUITests.xctest */;
			productType = "com.apple.product-type.bundle.ui-testing";
		};
/* End PBXNativeTarget section */

/* Begin PBXProject section */
		FB0FC41921C2147E006F6D9F /* Project object */ = {
			isa = PBXProject;
			attributes = {
				LastSwiftUpdateCheck = 1010;
				LastUpgradeCheck = 1010;
				ORGANIZATIONNAME = "Yairo Fernandez";
				TargetAttributes = {
					FB0FC42021C2147E006F6D9F = {
						CreatedOnToolsVersion = 10.1;
					};
					FB0FC43421C2147F006F6D9F = {
						CreatedOnToolsVersion = 10.1;
						TestTargetID = FB0FC42021C2147E006F6D9F;
					};
					FB0FC43F21C2147F006F6D9F = {
						CreatedOnToolsVersion = 10.1;
						TestTargetID = FB0FC42021C2147E006F6D9F;
					};
				};
			};
			buildConfigurationList = FB0FC41C21C2147E006F6D9F /* Build configuration list for PBXProject "Dicee" */;
			compatibilityVersion = "Xcode 9.3";
			developmentRegion = en;
			hasScannedForEncodings = 0;
			knownRegions = (
				en,
				Base,
			);
			mainGroup = FB0FC41821C2147E006F6D9F;
			productRefGroup = FB0FC42221C2147E006F6D9F /* Products */;
			projectDirPath = "";
			projectRoot = "";
			targets = (
				FB0FC42021C2147E006F6D9F /* Dicee */,
				FB0FC43421C2147F006F6D9F /* DiceeTests */,
				FB0FC43F21C2147F006F6D9F /* DiceeUITests */,
			);
		};
/* End PBXProject section */

/* Begin PBXResourcesBuildPhase section */
		FB0FC41F21C2147E006F6D9F /* Resources */ = {
			isa = PBXResourcesBuildPhase;
			buildActionMask = 2147483647;
			files = (
				FB0FC42F21C2147F006F6D9F /* LaunchScreen.storyboard in Resources */,
				FB0FC42C21C2147F006F6D9F /* Assets.xcassets in Resources */,
				FB0FC42A21C2147E006F6D9F /* Main.storyboard in Resources */,
			);
			runOnlyForDeploymentPostprocessing = 0;
		};
		FB0FC43321C2147F006F6D9F /* Resources */ = {
			isa = PBXResourcesBuildPhase;
			buildActionMask = 2147483647;
			files = (
			);
			runOnlyForDeploymentPostprocessing = 0;
		};
		FB0FC43E21C2147F006F6D9F /* Resources */ = {
			isa = PBXResourcesBuildPhase;
			buildActionMask = 2147483647;
			files = (
			);
			runOnlyForDeploymentPostprocessing = 0;
		};
/* End PBXResourcesBuildPhase section */

/* Begin PBXSourcesBuildPhase section */
		FB0FC41D21C2147E006F6D9F /* Sources */ = {
			isa = PBXSourcesBuildPhase;
			buildActionMask = 2147483647;
			files = (
				FB0FC42721C2147E006F6D9F /* ViewController.swift in Sources */,
				FB0FC42521C2147E006F6D9F /* AppDelegate.swift in Sources */,
			);
			runOnlyForDeploymentPostprocessing = 0;
		};
		FB0FC43121C2147F006F6D9F /* Sources */ = {
			isa = PBXSourcesBuildPhase;
			buildActionMask = 2147483647;
			files = (
				FB0FC43A21C2147F006F6D9F /* DiceeTests.swift in Sources */,
			);
			runOnlyForDeploymentPostprocessing = 0;
		};
		FB0FC43C21C2147F006F6D9F /* Sources */ = {
			isa = PBXSourcesBuildPhase;
			buildActionMask = 2147483647;
			files = (
				FB0FC44521C2147F006F6D9F /* DiceeUITests.swift in Sources */,
			);
			runOnlyForDeploymentPostprocessing = 0;
		};
/* End PBXSourcesBuildPhase section */

/* Begin PBXTargetDependency section */
		FB0FC43721C2147F006F6D9F /* PBXTargetDependency */ = {
			isa = PBXTargetDependency;
			target = FB0FC42021C2147E006F6D9F /* Dicee */;
			targetProxy = FB0FC43621C2147F006F6D9F /* PBXContainerItemProxy */;
		};
		FB0FC44221C2147F006F6D9F /* PBXTargetDependency */ = {
			isa = PBXTargetDependency;
			target = FB0FC42021C2147E006F6D9F /* Dicee */;
			targetProxy = FB0FC44121C2147F006F6D9F /* PBXContainerItemProxy */;
		};
/* End PBXTargetDependency section */

/* Begin PBXVariantGroup section */
		FB0FC42821C2147E006F6D9F /* Main.storyboard */ = {
			isa = PBXVariantGroup;
			children = (
				FB0FC42921C2147E006F6D9F /* Base */,
			);
			name = Main.storyboard;
			sourceTree = "<group>";
		};
		FB0FC42D21C2147F006F6D9F /* LaunchScreen.storyboard */ = {
			isa = PBXVariantGroup;
			children = (
				FB0FC42E21C2147F006F6D9F /* Base */,
			);
			name = LaunchScreen.storyboard;
			sourceTree = "<group>";
		};
/* End PBXVariantGroup section */

/* Begin XCBuildConfiguration section */
		FB0FC44721C2147F006F6D9F /* Debug */ = {
			isa = XCBuildConfiguration;
			buildSettings = {
				ALWAYS_SEARCH_USER_PATHS = NO;
				CLANG_ANALYZER_NONNULL = YES;
				CLANG_ANALYZER_NUMBER_OBJECT_CONVERSION = YES_AGGRESSIVE;
				CLANG_CXX_LANGUAGE_STANDARD = "gnu++14";
				CLANG_CXX_LIBRARY = "libc++";
				CLANG_ENABLE_MODULES = YES;
				CLANG_ENABLE_OBJC_ARC = YES;
				CLANG_ENABLE_OBJC_WEAK = YES;
				CLANG_WARN_BLOCK_CAPTURE_AUTORELEASING = YES;
				CLANG_WARN_BOOL_CONVERSION = YES;
				CLANG_WARN_COMMA = YES;
				CLANG_WARN_CONSTANT_CONVERSION = YES;
				CLANG_WARN_DEPRECATED_OBJC_IMPLEMENTATIONS = YES;
				CLANG_WARN_DIRECT_OBJC_ISA_USAGE = YES_ERROR;
				CLANG_WARN_DOCUMENTATION_COMMENTS = YES;
				CLANG_WARN_EMPTY_BODY = YES;
				CLANG_WARN_ENUM_CONVERSION = YES;
				CLANG_WARN_INFINITE_RECURSION = YES;
				CLANG_WARN_INT_CONVERSION = YES;
				CLANG_WARN_NON_LITERAL_NULL_CONVERSION = YES;
				CLANG_WARN_OBJC_IMPLICIT_RETAIN_SELF = YES;
				CLANG_WARN_OBJC_LITERAL_CONVERSION = YES;
				CLANG_WARN_OBJC_ROOT_CLASS = YES_ERROR;
				CLANG_WARN_RANGE_LOOP_ANALYSIS = YES;
				CLANG_WARN_STRICT_PROTOTYPES = YES;
				CLANG_WARN_SUSPICIOUS_MOVE = YES;
				CLANG_WARN_UNGUARDED_AVAILABILITY = YES_AGGRESSIVE;
				CLANG_WARN_UNREACHABLE_CODE = YES;
				CLANG_WARN__DUPLICATE_METHOD_MATCH = YES;
				CODE_SIGN_IDENTITY = "iPhone Developer";
				COPY_PHASE_STRIP = NO;
				DEBUG_INFORMATION_FORMAT = dwarf;
				ENABLE_STRICT_OBJC_MSGSEND = YES;
				ENABLE_TESTABILITY = YES;
				GCC_C_LANGUAGE_STANDARD = gnu11;
				GCC_DYNAMIC_NO_PIC = NO;
				GCC_NO_COMMON_BLOCKS = YES;
				GCC_OPTIMIZATION_LEVEL = 0;
				GCC_PREPROCESSOR_DEFINITIONS = (
					"DEBUG=1",
					"$(inherited)",
				);
				GCC_WARN_64_TO_32_BIT_CONVERSION = YES;
				GCC_WARN_ABOUT_RETURN_TYPE = YES_ERROR;
				GCC_WARN_UNDECLARED_SELECTOR = YES;
				GCC_WARN_UNINITIALIZED_AUTOS = YES_AGGRESSIVE;
				GCC_WARN_UNUSED_FUNCTION = YES;
				GCC_WARN_UNUSED_VARIABLE = YES;
				IPHONEOS_DEPLOYMENT_TARGET = 12.1;
				MTL_ENABLE_DEBUG_INFO = INCLUDE_SOURCE;
				MTL_FAST_MATH = YES;
				ONLY_ACTIVE_ARCH = YES;
				SDKROOT = iphoneos;
				SWIFT_ACTIVE_COMPILATION_CONDITIONS = DEBUG;
				SWIFT_OPTIMIZATION_LEVEL = "-Onone";
			};
			name = Debug;
		};
		FB0FC44821C2147F006F6D9F /* Release */ = {
			isa = XCBuildConfiguration;
			buildSettings = {
				ALWAYS_SEARCH_USER_PATHS = NO;
				CLANG_ANALYZER_NONNULL = YES;
				CLANG_ANALYZER_NUMBER_OBJECT_CONVERSION = YES_AGGRESSIVE;
				CLANG_CXX_LANGUAGE_STANDARD = "gnu++14";
				CLANG_CXX_LIBRARY = "libc++";
				CLANG_ENABLE_MODULES = YES;
				CLANG_ENABLE_OBJC_ARC = YES;
				CLANG_ENABLE_OBJC_WEAK = YES;
				CLANG_WARN_BLOCK_CAPTURE_AUTORELEASING = YES;
				CLANG_WARN_BOOL_CONVERSION = YES;
				CLANG_WARN_COMMA = YES;
				CLANG_WARN_CONSTANT_CONVERSION = YES;
				CLANG_WARN_DEPRECATED_OBJC_IMPLEMENTATIONS = YES;
				CLANG_WARN_DIRECT_OBJC_ISA_USAGE = YES_ERROR;
				CLANG_WARN_DOCUMENTATION_COMMENTS = YES;
				CLANG_WARN_EMPTY_BODY = YES;
				CLANG_WARN_ENUM_CONVERSION = YES;
				CLANG_WARN_INFINITE_RECURSION = YES;
				CLANG_WARN_INT_CONVERSION = YES;
				CLANG_WARN_NON_LITERAL_NULL_CONVERSION = YES;
				CLANG_WARN_OBJC_IMPLICIT_RETAIN_SELF = YES;
				CLANG_WARN_OBJC_LITERAL_CONVERSION = YES;
				CLANG_WARN_OBJC_ROOT_CLASS = YES_ERROR;
				CLANG_WARN_RANGE_LOOP_ANALYSIS = YES;
				CLANG_WARN_STRICT_PROTOTYPES = YES;
				CLANG_WARN_SUSPICIOUS_MOVE = YES;
				CLANG_WARN_UNGUARDED_AVAILABILITY = YES_AGGRESSIVE;
				CLANG_WARN_UNREACHABLE_CODE = YES;
				CLANG_WARN__DUPLICATE_METHOD_MATCH = YES;
				CODE_SIGN_IDENTITY = "iPhone Developer";
				COPY_PHASE_STRIP = NO;
				DEBUG_INFORMATION_FORMAT = "dwarf-with-dsym";
				ENABLE_NS_ASSERTIONS = NO;
				ENABLE_STRICT_OBJC_MSGSEND = YES;
				GCC_C_LANGUAGE_STANDARD = gnu11;
				GCC_NO_COMMON_BLOCKS = YES;
				GCC_WARN_64_TO_32_BIT_CONVERSION = YES;
				GCC_WARN_ABOUT_RETURN_TYPE = YES_ERROR;
				GCC_WARN_UNDECLARED_SELECTOR = YES;
				GCC_WARN_UNINITIALIZED_AUTOS = YES_AGGRESSIVE;
				GCC_WARN_UNUSED_FUNCTION = YES;
				GCC_WARN_UNUSED_VARIABLE = YES;
				IPHONEOS_DEPLOYMENT_TARGET = 12.1;
				MTL_ENABLE_DEBUG_INFO = NO;
				MTL_FAST_MATH = YES;
				SDKROOT = iphoneos;
				SWIFT_COMPILATION_MODE = wholemodule;
				SWIFT_OPTIMIZATION_LEVEL = "-O";
				VALIDATE_PRODUCT = YES;
			};
			name = Release;
		};
		FB0FC44A21C2147F006F6D9F /* Debug */ = {
			isa = XCBuildConfiguration;
			buildSettings = {
				ASSETCATALOG_COMPILER_APPICON_NAME = AppIcon;
				CODE_SIGN_STYLE = Automatic;
				INFOPLIST_FILE = Dicee/Info.plist;
				LD_RUNPATH_SEARCH_PATHS = (
					"$(inherited)",
					"@executable_path/Frameworks",
				);
				PRODUCT_BUNDLE_IDENTIFIER = YairologoProductions.Dicee;
				PRODUCT_NAME = "$(TARGET_NAME)";
				SWIFT_VERSION = 4.2;
				TARGETED_DEVICE_FAMILY = "1,2";
			};
			name = Debug;
		};
		FB0FC44B21C2147F006F6D9F /* Release */ = {
			isa = XCBuildConfiguration;
			buildSettings = {
				ASSETCATALOG_COMPILER_APPICON_NAME = AppIcon;
				CODE_SIGN_STYLE = Automatic;
				INFOPLIST_FILE = Dicee/Info.plist;
				LD_RUNPATH_SEARCH_PATHS = (
					"$(inherited)",
					"@executable_path/Frameworks",
				);
				PRODUCT_BUNDLE_IDENTIFIER = YairologoProductions.Dicee;
				PRODUCT_NAME = "$(TARGET_NAME)";
				SWIFT_VERSION = 4.2;
				TARGETED_DEVICE_FAMILY = "1,2";
			};
			name = Release;
		};
		FB0FC44D21C2147F006F6D9F /* Debug */ = {
			isa = XCBuildConfiguration;
			buildSettings = {
				ALWAYS_EMBED_SWIFT_STANDARD_LIBRARIES = YES;
				BUNDLE_LOADER = "$(TEST_HOST)";
				CODE_SIGN_STYLE = Automatic;
				INFOPLIST_FILE = DiceeTests/Info.plist;
				LD_RUNPATH_SEARCH_PATHS = (
					"$(inherited)",
					"@executable_path/Frameworks",
					"@loader_path/Frameworks",
				);
				PRODUCT_BUNDLE_IDENTIFIER = YairologoProductions.DiceeTests;
				PRODUCT_NAME = "$(TARGET_NAME)";
				SWIFT_VERSION = 4.2;
				TARGETED_DEVICE_FAMILY = "1,2";
				TEST_HOST = "$(BUILT_PRODUCTS_DIR)/Dicee.app/Dicee";
			};
			name = Debug;
		};
		FB0FC44E21C2147F006F6D9F /* Release */ = {
			isa = XCBuildConfiguration;
			buildSettings = {
				ALWAYS_EMBED_SWIFT_STANDARD_LIBRARIES = YES;
				BUNDLE_LOADER = "$(TEST_HOST)";
				CODE_SIGN_STYLE = Automatic;
				INFOPLIST_FILE = DiceeTests/Info.plist;
				LD_RUNPATH_SEARCH_PATHS = (
					"$(inherited)",
					"@executable_path/Frameworks",
					"@loader_path/Frameworks",
				);
				PRODUCT_BUNDLE_IDENTIFIER = YairologoProductions.DiceeTests;
				PRODUCT_NAME = "$(TARGET_NAME)";
				SWIFT_VERSION = 4.2;
				TARGETED_DEVICE_FAMILY = "1,2";
				TEST_HOST = "$(BUILT_PRODUCTS_DIR)/Dicee.app/Dicee";
			};
			name = Release;
		};
		FB0FC45021C2147F006F6D9F /* Debug */ = {
			isa = XCBuildConfiguration;
			buildSettings = {
				ALWAYS_EMBED_SWIFT_STANDARD_LIBRARIES = YES;
				CODE_SIGN_STYLE = Automatic;
				INFOPLIST_FILE = DiceeUITests/Info.plist;
				LD_RUNPATH_SEARCH_PATHS = (
					"$(inherited)",
					"@executable_path/Frameworks",
					"@loader_path/Frameworks",
				);
				PRODUCT_BUNDLE_IDENTIFIER = YairologoProductions.DiceeUITests;
				PRODUCT_NAME = "$(TARGET_NAME)";
				SWIFT_VERSION = 4.2;
				TARGETED_DEVICE_FAMILY = "1,2";
				TEST_TARGET_NAME = Dicee;
			};
			name = Debug;
		};
		FB0FC45121C2147F006F6D9F /* Release */ = {
			isa = XCBuildConfiguration;
			buildSettings = {
				ALWAYS_EMBED_SWIFT_STANDARD_LIBRARIES = YES;
				CODE_SIGN_STYLE = Automatic;
				INFOPLIST_FILE = DiceeUITests/Info.plist;
				LD_RUNPATH_SEARCH_PATHS = (
					"$(inherited)",
					"@executable_path/Frameworks",
					"@loader_path/Frameworks",
				);
				PRODUCT_BUNDLE_IDENTIFIER = YairologoProductions.DiceeUITests;
				PRODUCT_NAME = "$(TARGET_NAME)";
				SWIFT_VERSION = 4.2;
				TARGETED_DEVICE_FAMILY = "1,2";
				TEST_TARGET_NAME = Dicee;
			};
			name = Release;
		};
/* End XCBuildConfiguration section */

/* Begin XCConfigurationList section */
		FB0FC41C21C2147E006F6D9F /* Build configuration list for PBXProject "Dicee" */ = {
			isa = XCConfigurationList;
			buildConfigurations = (
				FB0FC44721C2147F006F6D9F /* Debug */,
				FB0FC44821C2147F006F6D9F /* Release */,
			);
			defaultConfigurationIsVisible = 0;
			defaultConfigurationName = Release;
		};
		FB0FC44921C2147F006F6D9F /* Build configuration list for PBXNativeTarget "Dicee" */ = {
			isa = XCConfigurationList;
			buildConfigurations = (
				FB0FC44A21C2147F006F6D9F /* Debug */,
				FB0FC44B21C2147F006F6D9F /* Release */,
			);
			defaultConfigurationIsVisible = 0;
			defaultConfigurationName = Release;
		};
		FB0FC44C21C2147F006F6D9F /* Build configuration list for PBXNativeTarget "DiceeTests" */ = {
			isa = XCConfigurationList;
			buildConfigurations = (
				FB0FC44D21C2147F006F6D9F /* Debug */,
				FB0FC44E21C2147F006F6D9F /* Release */,
			);
			defaultConfigurationIsVisible = 0;
			defaultConfigurationName = Release;
		};
		FB0FC44F21C2147F006F6D9F /* Build configuration list for PBXNativeTarget "DiceeUITests" */ = {
			isa = XCConfigurationList;
			buildConfigurations = (
				FB0FC45021C2147F006F6D9F /* Debug */,
				FB0FC45121C2147F006F6D9F /* Release */,
			);
			defaultConfigurationIsVisible = 0;
			defaultConfigurationName = Release;
		};
/* End XCConfigurationList section */
	};
	rootObject = FB0FC41921C2147E006F6D9F /* Project object */;
}
